
Microsoft Visual Studio Solution File, Format Version 12.00
# Visual Studio Version 17
VisualStudioVersion = 17.0.32126.317
MinimumVisualStudioVersion = 10.0.40219.1
Project("{FAE04EC0-301F-11D3-BF4B-00C04F79EFBC}") = "CarsServer.WebApi", "CarsServer.WebApi\CarsServer.WebApi.csproj", "{0A4A4719-8F18-4644-B9F6-27812BE77157}"
EndProject
Project("{FAE04EC0-301F-11D3-BF4B-00C04F79EFBC}") = "CarsServer.Bl", "CarsServer.Bl\CarsServer.Bl.csproj", "{1DFA15E6-727C-4CC1-B1B8-86C2F6F94DC2}"
EndProject
Project("{FAE04EC0-301F-11D3-BF4B-00C04F79EFBC}") = "CarsServer.DA", "CarsServer.DA\CarsServer.DA.csproj", "{CF18F8D0-56C7-4B1B-9DBB-F9CCB3E91682}"
EndProject
Global
	GlobalSection(SolutionConfigurationPlatforms) = preSolution
		Debug|Any CPU = Debug|Any CPU
		Release|Any CPU = Release|Any CPU
	EndGlobalSection
	GlobalSection(ProjectConfigurationPlatforms) = postSolution
		{0A4A4719-8F18-4644-B9F6-27812BE77157}.Debug|Any CPU.ActiveCfg = Debug|Any CPU
		{0A4A4719-8F18-4644-B9F6-27812BE77157}.Debug|Any CPU.Build.0 = Debug|Any CPU
		{0A4A4719-8F18-4644-B9F6-27812BE77157}.Release|Any CPU.ActiveCfg = Release|Any CPU
		{0A4A4719-8F18-4644-B9F6-27812BE77157}.Release|Any CPU.Build.0 = Release|Any CPU
		{1DFA15E6-727C-4CC1-B1B8-86C2F6F94DC2}.Debug|Any CPU.ActiveCfg = Debug|Any CPU
		{1DFA15E6-727C-4CC1-B1B8-86C2F6F94DC2}.Debug|Any CPU.Build.0 = Debug|Any CPU
		{1DFA15E6-727C-4CC1-B1B8-86C2F6F94DC2}.Release|Any CPU.ActiveCfg = Release|Any CPU
		{1DFA15E6-727C-4CC1-B1B8-86C2F6F94DC2}.Release|Any CPU.Build.0 = Release|Any CPU
		{CF18F8D0-56C7-4B1B-9DBB-F9CCB3E91682}.Debug|Any CPU.ActiveCfg = Debug|Any CPU
		{CF18F8D0-56C7-4B1B-9DBB-F9CCB3E91682}.Debug|Any CPU.Build.0 = Debug|Any CPU
		{CF18F8D0-56C7-4B1B-9DBB-F9CCB3E91682}.Release|Any CPU.ActiveCfg = Release|Any CPU
		{CF18F8D0-56C7-4B1B-9DBB-F9CCB3E91682}.Release|Any CPU.Build.0 = Release|Any CPU
	EndGlobalSection
	GlobalSection(SolutionProperties) = preSolution
		HideSolutionNode = FALSE
	EndGlobalSection
	GlobalSection(ExtensibilityGlobals) = postSolution
		SolutionGuid = {C69F8DD4-4BAE-41AA-99F9-2B1FFA60B6A2}
	EndGlobalSection
EndGlobal
